# This file is automatically @generated by Cargo.
# It is not intended for manual editing.
[[package]]
name = "veriform"
version = "0.0.0"
dependencies = [
 "vint64",
]

[[package]]
name = "vint64"
version = "0.1.2"
source = "registry+https://github.com/rust-lang/crates.io-index"
checksum = "b73b2fc71da996c4625fb0812837d9a92b96c240f4c758577d6bac29ecc11743"
