# This file is automatically @generated by Cargo.
# It is not intended for manual editing.
[[package]]
name = "byteorder"
version = "0.5.3"
source = "registry+https://github.com/rust-lang/crates.io-index"
checksum = "0fc10e8cc6b2580fda3f36eb6dc5316657f812a3df879a44a66fc9f0fdbc4855"

[[package]]
name = "data-encoding"
version = "2.1.2"
source = "registry+https://github.com/rust-lang/crates.io-index"
checksum = "f4f47ca1860a761136924ddd2422ba77b2ea54fe8cc75b9040804a0d9d32ad97"

[[package]]
name = "itoa"
version = "0.4.5"
source = "registry+https://github.com/rust-lang/crates.io-index"
checksum = "b8b7a7c0c47db5545ed3fef7468ee7bb5b74691498139e4b3f6a20685dc6dd8e"

[[package]]
name = "leb128"
version = "0.2.4"
source = "registry+https://github.com/rust-lang/crates.io-index"
checksum = "3576a87f2ba00f6f106fdfcd16db1d698d648a26ad8e0573cad8537c3c362d2a"

[[package]]
name = "ryu"
version = "1.0.2"
source = "registry+https://github.com/rust-lang/crates.io-index"
checksum = "bfa8506c1de11c9c4e4c38863ccbe02a305c8188e85a05a784c9e11e1c3910c8"

[[package]]
name = "serde"
version = "1.0.104"
source = "registry+https://github.com/rust-lang/crates.io-index"
checksum = "414115f25f818d7dfccec8ee535d76949ae78584fc4f79a6f45a904bf8ab4449"

[[package]]
name = "serde_json"
version = "1.0.45"
source = "registry+https://github.com/rust-lang/crates.io-index"
checksum = "eab8f15f15d6c41a154c1b128a22f2dfabe350ef53c40953d84e36155c91192b"
dependencies = [
 "itoa",
 "ryu",
 "serde",
]

[[package]]
name = "veriform"
version = "0.0.0"
dependencies = [
 "byteorder",
 "data-encoding",
 "leb128",
 "serde_json",
]
