[root]
name = "veriform-fuzz"
version = "0.0.0"
dependencies = [
 "libfuzzer-sys 0.1.0 (git+https://github.com/rust-fuzz/libfuzzer-sys.git)",
 "veriform 0.0.0",
]

[[package]]
name = "arbitrary"
version = "0.1.0"
source = "registry+https://github.com/rust-lang/crates.io-index"

[[package]]
name = "byteorder"
version = "0.5.3"
source = "registry+https://github.com/rust-lang/crates.io-index"

[[package]]
name = "gcc"
version = "0.3.50"
source = "registry+https://github.com/rust-lang/crates.io-index"

[[package]]
name = "libfuzzer-sys"
version = "0.1.0"
source = "git+https://github.com/rust-fuzz/libfuzzer-sys.git#bcaa8e1c4ee37fb5a1667da297d7aa16e257399c"
dependencies = [
 "arbitrary 0.1.0 (registry+https://github.com/rust-lang/crates.io-index)",
 "gcc 0.3.50 (registry+https://github.com/rust-lang/crates.io-index)",
]

[[package]]
name = "veriform"
version = "0.0.0"
dependencies = [
 "byteorder 0.5.3 (registry+https://github.com/rust-lang/crates.io-index)",
]

[metadata]
"checksum arbitrary 0.1.0 (registry+https://github.com/rust-lang/crates.io-index)" = "baa5f4eaa3a3603a0d83861560ab55dfa6c8dd094b05604e5d006b41ffaeb1d3"
"checksum byteorder 0.5.3 (registry+https://github.com/rust-lang/crates.io-index)" = "0fc10e8cc6b2580fda3f36eb6dc5316657f812a3df879a44a66fc9f0fdbc4855"
"checksum gcc 0.3.50 (registry+https://github.com/rust-lang/crates.io-index)" = "5f837c392f2ea61cb1576eac188653df828c861b7137d74ea4a5caa89621f9e6"
"checksum libfuzzer-sys 0.1.0 (git+https://github.com/rust-fuzz/libfuzzer-sys.git)" = "<none>"
