[[package]]
name = "byteorder"
version = "0.5.3"
source = "registry+https://github.com/rust-lang/crates.io-index"

[[package]]
name = "data-encoding"
version = "2.0.0"
source = "registry+https://github.com/rust-lang/crates.io-index"

[[package]]
name = "dtoa"
version = "0.4.2"
source = "registry+https://github.com/rust-lang/crates.io-index"

[[package]]
name = "itoa"
version = "0.3.4"
source = "registry+https://github.com/rust-lang/crates.io-index"

[[package]]
name = "leb128"
version = "0.2.2"
source = "registry+https://github.com/rust-lang/crates.io-index"

[[package]]
name = "num-traits"
version = "0.1.40"
source = "registry+https://github.com/rust-lang/crates.io-index"

[[package]]
name = "serde"
version = "1.0.19"
source = "registry+https://github.com/rust-lang/crates.io-index"

[[package]]
name = "serde_json"
version = "1.0.6"
source = "registry+https://github.com/rust-lang/crates.io-index"
dependencies = [
 "dtoa 0.4.2 (registry+https://github.com/rust-lang/crates.io-index)",
 "itoa 0.3.4 (registry+https://github.com/rust-lang/crates.io-index)",
 "num-traits 0.1.40 (registry+https://github.com/rust-lang/crates.io-index)",
 "serde 1.0.19 (registry+https://github.com/rust-lang/crates.io-index)",
]

[[package]]
name = "veriform"
version = "0.0.0"
dependencies = [
 "byteorder 0.5.3 (registry+https://github.com/rust-lang/crates.io-index)",
 "data-encoding 2.0.0 (registry+https://github.com/rust-lang/crates.io-index)",
 "leb128 0.2.2 (registry+https://github.com/rust-lang/crates.io-index)",
 "serde_json 1.0.6 (registry+https://github.com/rust-lang/crates.io-index)",
]

[metadata]
"checksum byteorder 0.5.3 (registry+https://github.com/rust-lang/crates.io-index)" = "0fc10e8cc6b2580fda3f36eb6dc5316657f812a3df879a44a66fc9f0fdbc4855"
"checksum data-encoding 2.0.0 (registry+https://github.com/rust-lang/crates.io-index)" = "d26bb7bacfa6d2e9d049b98978076e7ab6517caddd4d47b8d53e7f33a85846f8"
"checksum dtoa 0.4.2 (registry+https://github.com/rust-lang/crates.io-index)" = "09c3753c3db574d215cba4ea76018483895d7bff25a31b49ba45db21c48e50ab"
"checksum itoa 0.3.4 (registry+https://github.com/rust-lang/crates.io-index)" = "8324a32baf01e2ae060e9de58ed0bc2320c9a2833491ee36cd3b4c414de4db8c"
"checksum leb128 0.2.2 (registry+https://github.com/rust-lang/crates.io-index)" = "0c0142257604e9684c86d150b2efec07cf4a03feac420bb7fa017c1af932341d"
"checksum num-traits 0.1.40 (registry+https://github.com/rust-lang/crates.io-index)" = "99843c856d68d8b4313b03a17e33c4bb42ae8f6610ea81b28abe076ac721b9b0"
"checksum serde 1.0.19 (registry+https://github.com/rust-lang/crates.io-index)" = "0c9cab69e16835717c9b8bd13c29f92b6aa34fe32ce2866b1ab481cf2da8442a"
"checksum serde_json 1.0.6 (registry+https://github.com/rust-lang/crates.io-index)" = "e4586746d1974a030c48919731ecffd0ed28d0c40749d0d18d43b3a7d6c9b20e"
